
Microsoft Visual Studio Solution File, Format Version 12.00
# Visual Studio Version 17
VisualStudioVersion = 17.12.35707.178 d17.12
MinimumVisualStudioVersion = 10.0.40219.1
Project("{FAE04EC0-301F-11D3-BF4B-00C04F79EFBC}") = "EmploymentSystem", "EmploymentSystem\EmploymentSystem.csproj", "{0E969DDF-3E6F-4932-BA85-C6DF6FC5F789}"
EndProject
Project("{2150E333-8FDC-42A3-9474-1A3956D46DE8}") = "Solution Items", "Solution Items", "{EEA1B5BA-3630-4618-98E4-3E94ED19231B}"
	ProjectSection(SolutionItems) = preProject
		.editorconfig = .editorconfig
	EndProjectSection
EndProject
Global
	GlobalSection(SolutionConfigurationPlatforms) = preSolution
		Debug|Any CPU = Debug|Any CPU
		Release|Any CPU = Release|Any CPU
	EndGlobalSection
	GlobalSection(ProjectConfigurationPlatforms) = postSolution
		{0E969DDF-3E6F-4932-BA85-C6DF6FC5F789}.Debug|Any CPU.ActiveCfg = Debug|Any CPU
		{0E969DDF-3E6F-4932-BA85-C6DF6FC5F789}.Debug|Any CPU.Build.0 = Debug|Any CPU
		{0E969DDF-3E6F-4932-BA85-C6DF6FC5F789}.Release|Any CPU.ActiveCfg = Release|Any CPU
		{0E969DDF-3E6F-4932-BA85-C6DF6FC5F789}.Release|Any CPU.Build.0 = Release|Any CPU
	EndGlobalSection
	GlobalSection(SolutionProperties) = preSolution
		HideSolutionNode = FALSE
	EndGlobalSection
EndGlobal
